{
    "_meta": {
        "hash": {
            "sha256": "7424f42e713571888ef28f7d0df4dc6c49e86c87f34dc0292949bf01162560a1"
        },
        "pipfile-spec": 6,
        "requires": {
            "python_full_version": "3.11.6",
            "python_version": "3.11"
        },
        "sources": [
            {
                "name": "pypi",
                "url": "https://pypi.org/simple",
                "verify_ssl": true
            }
        ]
    },
    "default": {
        "annotated-types": {
            "hashes": [
                "sha256:0641064de18ba7a25dee8f96403ebc39113d0cb953a01429249d5c7564666a43",
                "sha256:563339e807e53ffd9c267e99fc6d9ea23eb8443c08f112651963e24e22f84a5d"
            ],
            "markers": "python_version >= '3.8'",
            "version": "==0.6.0"
        },
        "anyio": {
            "hashes": [
                "sha256:44a3c9aba0f5defa43261a8b3efb97891f2bd7d804e0e1f56419befa1adfc780",
                "sha256:91dee416e570e92c64041bd18b900d1d6fa78dff7048769ce5ac5ddad004fbb5"
            ],
            "markers": "python_version >= '3.7'",
            "version": "==3.7.1"
        },
        "bcrypt": {
            "hashes": [
                "sha256:089098effa1bc35dc055366740a067a2fc76987e8ec75349eb9484061c54f535",
                "sha256:08d2947c490093a11416df18043c27abe3921558d2c03e2076ccb28a116cb6d0",
                "sha256:0eaa47d4661c326bfc9d08d16debbc4edf78778e6aaba29c1bc7ce67214d4410",
                "sha256:27d375903ac8261cfe4047f6709d16f7d18d39b1ec92aaf72af989552a650ebd",
                "sha256:2b3ac11cf45161628f1f3733263e63194f22664bf4d0c0f3ab34099c02134665",
                "sha256:2caffdae059e06ac23fce178d31b4a702f2a3264c20bfb5ff541b338194d8fab",
                "sha256:3100851841186c25f127731b9fa11909ab7b1df6fc4b9f8353f4f1fd952fbf71",
                "sha256:5ad4d32a28b80c5fa6671ccfb43676e8c1cc232887759d1cd7b6f56ea4355215",
                "sha256:67a97e1c405b24f19d08890e7ae0c4f7ce1e56a712a016746c8b2d7732d65d4b",
                "sha256:705b2cea8a9ed3d55b4491887ceadb0106acf7c6387699fca771af56b1cdeeda",
                "sha256:8a68f4341daf7522fe8d73874de8906f3a339048ba406be6ddc1b3ccb16fc0d9",
                "sha256:a522427293d77e1c29e303fc282e2d71864579527a04ddcfda6d4f8396c6c36a",
                "sha256:ae88eca3024bb34bb3430f964beab71226e761f51b912de5133470b649d82344",
                "sha256:b1023030aec778185a6c16cf70f359cbb6e0c289fd564a7cfa29e727a1c38f8f",
                "sha256:b3b85202d95dd568efcb35b53936c5e3b3600c7cdcc6115ba461df3a8e89f38d",
                "sha256:b57adba8a1444faf784394de3436233728a1ecaeb6e07e8c22c8848f179b893c",
                "sha256:bf4fa8b2ca74381bb5442c089350f09a3f17797829d958fad058d6e44d9eb83c",
                "sha256:ca3204d00d3cb2dfed07f2d74a25f12fc12f73e606fcaa6975d1f7ae69cacbb2",
                "sha256:cbb03eec97496166b704ed663a53680ab57c5084b2fc98ef23291987b525cb7d",
                "sha256:e9a51bbfe7e9802b5f3508687758b564069ba937748ad7b9e890086290d2f79e",
                "sha256:fbdaec13c5105f0c4e5c52614d04f0bca5f5af007910daa8b6b12095edaa67b3"
            ],
            "index": "pypi",
            "markers": "python_version >= '3.6'",
            "version": "==4.0.1"
        },
        "beanie": {
            "hashes": [
                "sha256:9a9a36936188a44dcf16aa8930b450249eaa5c7ebc0edc056ad194bdec3539ca",
                "sha256:c780e0f951ee40faa688e7b0e56dc963486087c7e3970cd5a3d99cb47703e677"
            ],
            "index": "pypi",
            "markers": "python_version >= '3.7' and python_version < '4.0'",
            "version": "==1.23.6"
        },
        "click": {
            "hashes": [
                "sha256:ae74fb96c20a0277a1d615f1e4d73c8414f5a98db8b799a7931d1582f3390c28",
                "sha256:ca9853ad459e787e2192211578cc907e7594e294c7ccc834310722b41b9ca6de"
            ],
            "markers": "python_version >= '3.7'",
            "version": "==8.1.7"
        },
        "colorama": {
            "hashes": [
                "sha256:08695f5cb7ed6e0531a20572697297273c47b8cae5a63ffc6d6ed5c201be6e44",
                "sha256:4f1d9991f5acc0ca119f9d443620b77f9d6b33703e51011c16baf57afb285fc6"
            ],
            "markers": "platform_system == 'Windows'",
            "version": "==0.4.6"
        },
        "dnspython": {
            "hashes": [
                "sha256:57c6fbaaeaaf39c891292012060beb141791735dbb4004798328fc2c467402d8",
                "sha256:8dcfae8c7460a2f84b4072e26f1c9f4101ca20c071649cb7c34e8b6a93d58984"
            ],
            "markers": "python_version >= '3.8' and python_version < '4.0'",
            "version": "==2.4.2"
        },
        "ecdsa": {
            "hashes": [
                "sha256:190348041559e21b22a1d65cee485282ca11a6f81d503fddb84d5017e9ed1e49",
                "sha256:80600258e7ed2f16b9aa1d7c295bd70194109ad5a30fdee0eaeefef1d4c559dd"
            ],
            "markers": "python_version >= '2.6' and python_version not in '3.0, 3.1, 3.2, 3.3'",
            "version": "==0.18.0"
        },
        "email-validator": {
            "hashes": [
                "sha256:a4b0bd1cf55f073b924258d19321b1f3aa74b4b5a71a42c305575dba920e1a44",
                "sha256:c973053efbeddfef924dc0bd93f6e77a1ea7ee0fce935aea7103c7a3d6d2d637"
            ],
            "index": "pypi",
            "markers": "python_version >= '3.8'",
            "version": "==2.1.0.post1"
        },
        "exceptiongroup": {
            "hashes": [
                "sha256:097acd85d473d75af5bb98e41b61ff7fe35efe6675e4f9370ec6ec5126d160e9",
                "sha256:343280667a4585d195ca1cf9cef84a4e178c4b6cf2274caef9859782b567d5e3"
            ],
            "markers": "python_version < '3.11'",
            "version": "==1.1.3"
        },
        "faker": {
            "hashes": [
                "sha256:171b27ba106cf69e30a91ac471407c2362bd6af27738e2461dc441aeff5eed91",
                "sha256:df44b68b9d231e784f4bfe616d781576cfef9f0c5d9a17671bf84dc10d7b44d6"
            ],
            "index": "pypi",
            "markers": "python_version >= '3.8'",
            "version": "==20.0.0"
        },
        "fastapi": {
            "hashes": [
                "sha256:752dc31160cdbd0436bb93bad51560b57e525cbb1d4bbf6f4904ceee75548241",
                "sha256:e5e4540a7c5e1dcfbbcf5b903c234feddcdcd881f191977a1c5dfd917487e7ae"
            ],
            "index": "pypi",
            "markers": "python_version >= '3.8'",
            "version": "==0.104.1"
        },
        "h11": {
            "hashes": [
                "sha256:8f19fbbe99e72420ff35c00b27a34cb9937e902a8b810e2c88300c6f0a3b699d",
                "sha256:e3fe4ac4b851c468cc8363d500db52c2ead036020723024a109d37346efaa761"
            ],
            "markers": "python_version >= '3.7'",
            "version": "==0.14.0"
        },
        "idna": {
            "hashes": [
                "sha256:814f528e8dead7d329833b91c5faa87d60bf71824cd12a7530b5526063d02cb4",
                "sha256:90b77e79eaa3eba6de819a0c442c0b4ceefc341a7a2ab77d7562bf49f425c5c2"
            ],
            "markers": "python_version >= '3.5'",
            "version": "==3.4"
        },
        "lazy-model": {
            "hashes": [
                "sha256:57c0e91e171530c4fca7aebc3ac05a163a85cddd941bf7527cc46c0ddafca47c",
                "sha256:5a3241775c253e36d9069d236be8378288a93d4fc53805211fd152e04cc9c342"
            ],
            "markers": "python_version >= '3.7' and python_version < '4.0'",
            "version": "==0.2.0"
        },
        "motor": {
            "hashes": [
                "sha256:a0dee83ad0d47b353932ac37467ba397b1e649ce7e3eea7f5a90554883d7cdbe",
                "sha256:c5eb400e27d722a3db03a9826656b6d13acf9b6c70c2fb4604f474eac9da5be4"
            ],
            "index": "pypi",
            "markers": "python_version >= '3.7'",
            "version": "==3.3.1"
        },
        "passlib": {
            "hashes": [
                "sha256:aa6bca462b8d8bda89c70b382f0c298a20b5560af6cbfa2dce410c0a2fb669f1",
                "sha256:defd50f72b65c5402ab2c573830a6978e5f202ad0d984793c8dde2c4152ebe04"
            ],
            "index": "pypi",
            "version": "==1.7.4"
        },
        "pyasn1": {
            "hashes": [
                "sha256:87a2121042a1ac9358cabcaf1d07680ff97ee6404333bacca15f76aa8ad01a57",
                "sha256:97b7290ca68e62a832558ec3976f15cbf911bf5d7c7039d8b861c2a0ece69fde"
            ],
            "markers": "python_version >= '2.7' and python_version not in '3.0, 3.1, 3.2, 3.3, 3.4, 3.5'",
            "version": "==0.5.0"
        },
        "pydantic": {
            "hashes": [
                "sha256:69bd6fb62d2d04b7055f59a396993486a2ee586c43a0b89231ce0000de07627c",
                "sha256:7ce6e766c456ad026fe5712f7bcf036efc34bd5d107b3e669ef7ea01b3a9050c"
            ],
            "markers": "python_version >= '3.7'",
            "version": "==2.5.0"
        },
        "pydantic-core": {
            "hashes": [
                "sha256:023b6d7ec4e97890b28eb2ee24413e69a6d48de4e8b75123957edd5432f4eeb3",
                "sha256:052d8731aaf844f91fe4cd3faf28983b109a5865b3a256ec550b80a5689ead87",
                "sha256:0a8c8daf4e3aa3aeb98e3638fc3d58a359738f3d12590b2474c6bb64031a0764",
                "sha256:0d82a6ee815388a362885186e431fac84c7a06623bc136f508e9f88261d8cadb",
                "sha256:101df420e954966868b8bc992aefed5fa71dd1f2755104da62ee247abab28e2f",
                "sha256:102ac85a775e77821943ae38da9634ddd774b37a8d407181b4f7b05cdfb36b55",
                "sha256:1185548665bc61bbab0dc78f10c8eafa0db0aa1e920fe9a451b77782b10a65cc",
                "sha256:12163197fec7c95751a3c71b36dcc1909eed9959f011ffc79cc8170a6a74c826",
                "sha256:130e49aa0cb316f743bc7792c36aefa39fc2221312f1d4b333b19edbdd71f2b1",
                "sha256:132b40e479cb5cebbbb681f77aaceabbc8355df16c9124cff1d4060ada83cde2",
                "sha256:144f2c1d5579108b6ed1193fcc9926124bd4142b0f7020a7744980d1235c8a40",
                "sha256:16f4a7e1ec6b3ea98a1e108a2739710cd659d68b33fbbeaba066202cab69c7b6",
                "sha256:184ff7b30c3f60e1b775378c060099285fd4b5249271046c9005f8b247b39377",
                "sha256:1bfb63821ada76719ffcd703fc40dd57962e0d8c253e3c565252e6de6d3e0bc6",
                "sha256:1e7208946ea9b27a8cef13822c339d4ae96e45952cc01fc4a91c7f1cb0ae2861",
                "sha256:217dcbfaf429a9b8f1d54eb380908b9c778e78f31378283b30ba463c21e89d5d",
                "sha256:2459cc06572730e079ec1e694e8f68c99d977b40d98748ae72ff11ef21a56b0b",
                "sha256:24ba48f9d0b8d64fc5e42e1600366c3d7db701201294989aebdaca23110c02ab",
                "sha256:26242e3593d4929123615bd9365dd86ef79b7b0592d64a96cd11fd83c69c9f34",
                "sha256:2871daf5b2823bf77bf7d3d43825e5d904030c155affdf84b21a00a2e00821d2",
                "sha256:28734bcfb8fc5b03293dec5eb5ea73b32ff767f6ef79a31f6e41dad2f5470270",
                "sha256:2a7d08b39fac97540fba785fce3b21ee01a81f081a07a4d031efd791da6666f9",
                "sha256:2be018a84995b6be1bbd40d6064395dbf71592a981169cf154c0885637f5f54a",
                "sha256:3303113fdfaca927ef11e0c5f109e2ec196c404f9d7ba5f8ddb63cdf287ea159",
                "sha256:36c3bf96f803e207a80dbcb633d82b98ff02a9faa76dd446e969424dec8e2b9f",
                "sha256:3d5b2a4b3c10cad0615670cab99059441ff42e92cf793a0336f4bc611e895204",
                "sha256:3f48d4afd973abbd65266ac24b24de1591116880efc7729caf6b6b94a9654c9e",
                "sha256:42d5d0e9bbb50481a049bd0203224b339d4db04006b78564df2b782e2fd16ebc",
                "sha256:443dc5eede7fa76b2370213e0abe881eb17c96f7d694501853c11d5d56916602",
                "sha256:49ee28d65f506b2858a60745cc974ed005298ebab12693646b97641dd7c99c35",
                "sha256:4f0788699a92d604f348e9c1ac5e97e304e97127ba8325c7d0af88dcc7d35bd3",
                "sha256:51506e7652a2ef1d1cf763c4b51b972ff4568d1dddc96ca83931a6941f5e6389",
                "sha256:53efe03cc383a83660cfdda6a3cb40ee31372cedea0fde0b2a2e55e838873ab6",
                "sha256:55713d155da1e508083c4b08d0b1ad2c3054f68b8ef7eb3d3864822e456f0bb5",
                "sha256:581bb606a31749a00796f5257947a0968182d7fe91e1dada41f06aeb6bfbc91a",
                "sha256:5879ac4791508d8f0eb7dec71ff8521855180688dac0c55f8c99fc4d1a939845",
                "sha256:587d75aec9ae50d0d63788cec38bf13c5128b3fc1411aa4b9398ebac884ab179",
                "sha256:59fa83873223f856d898452c6162a390af4297756f6ba38493a67533387d85d9",
                "sha256:5a1570875eb0d1479fb2270ed80c88c231aaaf68b0c3f114f35e7fb610435e4f",
                "sha256:5b45b7be9f99991405ecd6f6172fb6798908a8097106ae78d5cc5cc15121bad9",
                "sha256:6015beb28deb5306049ecf2519a59627e9e050892927850a884df6d5672f8c7d",
                "sha256:6590ed9d13eb51b28ea17ddcc6c8dbd6050b4eb589d497105f0e13339f223b72",
                "sha256:66dc0e63349ec39c1ea66622aa5c2c1f84382112afd3ab2fa0cca4fb01f7db39",
                "sha256:679cc4e184f213c8227862e57340d12fd4d4d19dc0e3ddb0f653f86f01e90f94",
                "sha256:69cd74e55a5326d920e7b46daa2d81c2bdb8bcf588eafb2330d981297b742ddc",
                "sha256:69df82892ff00491d673b1929538efb8c8d68f534fdc6cb7fd3ac8a5852b9034",
                "sha256:72c2ef3787c3b577e5d6225d73a77167b942d12cef3c1fbd5e74e55b7f881c36",
                "sha256:744b807fe2733b6da3b53e8ad93e8b3ea3ee3dfc3abece4dd2824cc1f39aa343",
                "sha256:7977e261cac5f99873dc2c6f044315d09b19a71c4246560e1e67593889a90978",
                "sha256:798590d38c9381f07c48d13af1f1ef337cebf76ee452fcec5deb04aceced51c7",
                "sha256:812beca1dcb2b722cccc7e9c620bd972cbc323321194ec2725eab3222e6ac573",
                "sha256:8276bbab68a9dbe721da92d19cbc061f76655248fe24fb63969d0c3e0e5755e7",
                "sha256:85bb66d661be51b2cba9ca06759264b3469d2dbb53c3e6effb3f05fec6322be6",
                "sha256:871c641a83719caaa856a11dcc61c5e5b35b0db888e1a0d338fe67ce744575e2",
                "sha256:893bf4fb9bfb9c4639bc12f3de323325ada4c6d60e478d5cded65453e9364890",
                "sha256:8d927d042c0ef04607ee7822828b208ab045867d20477ec6593d612156798547",
                "sha256:8e17f0c3ba4cb07faa0038a59ce162de584ed48ba645c8d05a5de1e40d4c21e7",
                "sha256:9486e27bb3f137f33e2315be2baa0b0b983dae9e2f5f5395240178ad8e644728",
                "sha256:94cf6d0274eb899d39189144dcf52814c67f9b0fd196f211420d9aac793df2da",
                "sha256:97246f896b4df7fd84caa8a75a67abb95f94bc0b547665bf0889e3262b060399",
                "sha256:9d59e0d7cdfe8ed1d4fcd28aad09625c715dc18976c7067e37d8a11b06f4be3e",
                "sha256:a15f6e5588f7afb7f6fc4b0f4ff064749e515d34f34c666ed6e37933873d8ad8",
                "sha256:a2ccdc53cb88e51c7d47d74c59630d7be844428f6b8d463055ffad6f0392d8da",
                "sha256:a68a36d71c7f638dda6c9e6b67f6aabf3fa1471b198d246457bfdc7c777cdeb7",
                "sha256:a7991f25b98038252363a03e6a9fe92e60fe390fda2631d238dc3b0e396632f8",
                "sha256:aadf74a40a7ae49c3c1aa7d32334fe94f4f968e21dd948e301bb4ed431fb2412",
                "sha256:abae6fd5504e5e438e4f6f739f8364fd9ff5a5cdca897e68363e2318af90bc28",
                "sha256:ac417312bf6b7a0223ba73fb12e26b2854c93bf5b1911f7afef6d24c379b22aa",
                "sha256:ad9ea86f5fc50f1b62c31184767fe0cacaa13b54fe57d38898c3776d30602411",
                "sha256:b4ff385a525017f5adf6066d7f9fb309f99ade725dcf17ed623dc7dce1f85d9f",
                "sha256:b89821a2c77cc1b8f2c1fc3aacd6a3ecc5df8f7e518dc3f18aef8c4dcf66003d",
                "sha256:b8ff0302518dcd001bd722bbe342919c29e5066c7eda86828fe08cdc112668b8",
                "sha256:b91b5ec423e88caa16777094c4b2b97f11453283e7a837e5e5e1b886abba1251",
                "sha256:ba55d73a2df4771b211d0bcdea8b79454980a81ed34a1d77a19ddcc81f98c895",
                "sha256:bb1c6ecb53e4b907ee8486f453dd940b8cbb509946e2b671e3bf807d310a96fc",
                "sha256:bc6a4ea9f88a810cb65ccae14404da846e2a02dd5c0ad21dee712ff69d142638",
                "sha256:c36987f5eb2a7856b5f5feacc3be206b4d1852a6ce799f6799dd9ffb0cba56ae",
                "sha256:c6e98227eb02623d57e1fd061788837834b68bb995a869565211b9abf3de4bf4",
                "sha256:c7411cd06afeb263182e38c6ca5b4f5fe4f20d91466ad7db0cd6af453a02edec",
                "sha256:c8c466facec2ccdf025b0b1455b18f2c3d574d5f64d24df905d3d7b8f05d5f4e",
                "sha256:c964c0cc443d6c08a2347c0e5c1fc2d85a272dc66c1a6f3cde4fc4843882ada4",
                "sha256:ca942a2dc066ca5e04c27feaa8dfb9d353ddad14c6641660c565149186095343",
                "sha256:cb2fd3ab67558eb16aecfb4f2db4febb4d37dc74e6b8613dc2e7160fb58158a9",
                "sha256:d312ad20e3c6d179cb97c42232b53111bcd8dcdd5c1136083db9d6bdd489bc73",
                "sha256:d965bdb50725a805b083f5f58d05669a85705f50a6a864e31b545c589290ee31",
                "sha256:d983222223f63e323a5f497f5b85e211557a5d8fb670dc88f343784502b466ba",
                "sha256:dee4682bd7947afc682d342a8d65ad1834583132383f8e801601a8698cb8d17a",
                "sha256:e2be646a5155d408e68b560c0553e8a83dc7b9f90ec6e5a2fc3ff216719385db",
                "sha256:e2c689439f262c29cf3fcd5364da1e64d8600facecf9eabea8643b8755d2f0de",
                "sha256:e5a111f9158555582deadd202a60bd7803b6c68f406391b7cf6905adf0af6811",
                "sha256:e905014815687d88cbb14bbc0496420526cf20d49f20606537d87646b70f1046",
                "sha256:ebc79120e105e4bcd7865f369e3b9dbabb0d492d221e1a7f62a3e8e292550278",
                "sha256:f1a30eef060e21af22c7d23349f1028de0611f522941c80efa51c05a63142c62",
                "sha256:f483467c046f549572f8aca3b7128829e09ae3a9fe933ea421f7cb7c58120edb",
                "sha256:f523e116879bc6714e61d447ce934676473b068069dce6563ea040381dc7a257",
                "sha256:f53a3ccdc30234cb4342cec541e3e6ed87799c7ca552f0b5f44e3967a5fed526",
                "sha256:fb290491f1f0786a7da4585250f1feee200fc17ff64855bdd7c42fb54526fa29",
                "sha256:fc3227408808ba7df8e95eb1d8389f4ba2203bed8240b308de1d7ae66d828f24",
                "sha256:fd80a2d383940eec3db6a5b59d1820f947317acc5c75482ff8d79bf700f8ad6a",
                "sha256:fd937733bf2fe7d6a8bf208c12741f1f730b7bf5636033877767a75093c29b8a",
                "sha256:ffba979801e3931a19cd30ed2049450820effe8f152aaa317e2fd93795d318d7"
            ],
            "markers": "python_version >= '3.7'",
            "version": "==2.14.1"
        },
        "pydantic-settings": {
            "hashes": [
                "sha256:962dc3672495aad6ae96a4390fac7e593591e144625e5112d359f8f67fb75945",
                "sha256:ddd907b066622bd67603b75e2ff791875540dc485b7307c4fffc015719da8625"
            ],
            "index": "pypi",
            "markers": "python_version >= '3.7'",
            "version": "==2.0.3"
        },
        "pymongo": {
            "hashes": [
                "sha256:014e7049dd019a6663747ca7dae328943e14f7261f7c1381045dfc26a04fa330",
                "sha256:055f5c266e2767a88bb585d01137d9c7f778b0195d3dbf4a487ef0638be9b651",
                "sha256:05c30fd35cc97f14f354916b45feea535d59060ef867446b5c3c7f9b609dd5dc",
                "sha256:0634994b026336195778e5693583c060418d4ab453eff21530422690a97e1ee8",
                "sha256:09c7de516b08c57647176b9fc21d929d628e35bcebc7422220c89ae40b62126a",
                "sha256:107a234dc55affc5802acb3b6d83cbb8c87355b38a9457fcd8806bdeb8bce161",
                "sha256:10a379fb60f1b2406ae57b8899bacfe20567918c8e9d2d545e1b93628fcf2050",
                "sha256:128b1485753106c54af481789cdfea12b90a228afca0b11fb3828309a907e10e",
                "sha256:1394c4737b325166a65ae7c145af1ebdb9fb153ebedd37cf91d676313e4a67b8",
                "sha256:1c63e3a2e8fb815c4b1f738c284a4579897e37c3cfd95fdb199229a1ccfb638a",
                "sha256:1e4ed21029d80c4f62605ab16398fe1ce093fff4b5f22d114055e7d9fbc4adb0",
                "sha256:1ec71ac633b126c0775ed4604ca8f56c3540f5c21a1220639f299e7a544b55f9",
                "sha256:21812453354b151200034750cd30b0140e82ec2a01fd4357390f67714a1bfbde",
                "sha256:256c503a75bd71cf7fb9ebf889e7e222d49c6036a48aad5a619f98a0adf0e0d7",
                "sha256:2703a9f8f5767986b4f51c259ff452cc837c5a83c8ed5f5361f6e49933743b2f",
                "sha256:288c21ab9531b037f7efa4e467b33176bc73a0c27223c141b822ab4a0e66ff2a",
                "sha256:2972dd1f1285866aba027eff2f4a2bbf8aa98563c2ced14cb34ee5602b36afdf",
                "sha256:2973f113e079fb98515722cd728e1820282721ec9fd52830e4b73cabdbf1eb28",
                "sha256:2ca0ba501898b2ec31e6c3acf90c31910944f01d454ad8e489213a156ccf1bda",
                "sha256:2d2be5c9c3488fa8a70f83ed925940f488eac2837a996708d98a0e54a861f212",
                "sha256:2f8c04277d879146eacda920476e93d520eff8bec6c022ac108cfa6280d84348",
                "sha256:325701ae7b56daa5b0692305b7cb505ca50f80a1288abb32ff420a8a209b01ca",
                "sha256:3729b8db02063da50eeb3db88a27670d85953afb9a7f14c213ac9e3dca93034b",
                "sha256:3919708594b86d0f5cdc713eb6fccd3f9b9532af09ea7a5d843c933825ef56c4",
                "sha256:39a1cd5d383b37285641d5a7a86be85274466ae336a61b51117155936529f9b3",
                "sha256:3ec6c20385c5a58e16b1ea60c5e4993ea060540671d7d12664f385f2fb32fe79",
                "sha256:47aa128be2e66abd9d1a9b0437c62499d812d291f17b55185cb4aa33a5f710a4",
                "sha256:49f2af6cf82509b15093ce3569229e0d53c90ad8ae2eef940652d4cf1f81e045",
                "sha256:4a0269811661ba93c472c8a60ea82640e838c2eb148d252720a09b5123f2c2fe",
                "sha256:518c90bdd6e842c446d01a766b9136fec5ec6cc94f3b8c3f8b4a332786ee6b64",
                "sha256:5717a308a703dda2886a5796a07489c698b442f5e409cf7dc2ac93de8d61d764",
                "sha256:5802acc012bbb4bce4dff92973dff76482f30ef35dd4cb8ab5b0e06aa8f08c80",
                "sha256:5e63146dbdb1eac207464f6e0cfcdb640c9c5ff0f57b754fa96fe252314a1dc6",
                "sha256:6695d7136a435c1305b261a9ddb9b3ecec9863e05aab3935b96038145fd3a977",
                "sha256:680fa0fc719e1a3dcb81130858368f51d83667d431924d0bcf249644bce8f303",
                "sha256:6b18276f14b4b6d92e707ab6db19b938e112bd2f1dc3f9f1a628df58e4fd3f0d",
                "sha256:6bafea6061d63059d8bc2ffc545e2f049221c8a4457d236c5cd6a66678673eab",
                "sha256:6d6a1b1361f118e7fefa17ae3114e77f10ee1b228b20d50c47c9f351346180c8",
                "sha256:747c84f4e690fbe6999c90ac97246c95d31460d890510e4a3fa61b7d2b87aa34",
                "sha256:79f41576b3022c2fe9780ae3e44202b2438128a25284a8ddfa038f0785d87019",
                "sha256:7b0e6361754ac596cd16bfc6ed49f69ffcd9b60b7bc4bcd3ea65c6a83475e4ff",
                "sha256:7e3b0127b260d4abae7b62203c4c7ef0874c901b55155692353db19de4b18bc4",
                "sha256:7fc2bb8a74dcfcdd32f89528e38dcbf70a3a6594963d60dc9595e3b35b66e414",
                "sha256:806e094e9e85d8badc978af8c95b69c556077f11844655cb8cd2d1758769e521",
                "sha256:81dd1308bd5630d2bb5980f00aa163b986b133f1e9ed66c66ce2a5bc3572e891",
                "sha256:82e620842e12e8cb4050d2643a81c8149361cd82c0a920fa5a15dc4ca8a4000f",
                "sha256:85f2cdc400ee87f5952ebf2a117488f2525a3fb2e23863a8efe3e4ee9e54e4d1",
                "sha256:8ab6bcc8e424e07c1d4ba6df96f7fb963bcb48f590b9456de9ebd03b88084fe8",
                "sha256:8adf014f2779992eba3b513e060d06f075f0ab2fb3ad956f413a102312f65cdf",
                "sha256:9b0f98481ad5dc4cb430a60bbb8869f05505283b9ae1c62bdb65eb5e020ee8e3",
                "sha256:9bea9138b0fc6e2218147e9c6ce1ff76ff8e29dc00bb1b64842bd1ca107aee9f",
                "sha256:a09bfb51953930e7e838972ddf646c5d5f984992a66d79da6ba7f6a8d8a890cd",
                "sha256:a0be99b599da95b7a90a918dd927b20c434bea5e1c9b3efc6a3c6cd67c23f813",
                "sha256:a49aca4d961823b2846b739380c847e8964ff7ae0f0a683992b9d926054f0d6d",
                "sha256:a4dc1319d0c162919ee7f4ee6face076becae2abbd351cc14f1fe70af5fb20d9",
                "sha256:a8273e1abbcff1d7d29cbbb1ea7e57d38be72f1af3c597c854168508b91516c2",
                "sha256:a8f7f9feecae53fa18d6a3ea7c75f9e9a1d4d20e5c3f9ce3fba83f07bcc4eee2",
                "sha256:ad4f66fbb893b55f96f03020e67dcab49ffde0177c6565ccf9dec4fdf974eb61",
                "sha256:af425f323fce1b07755edd783581e7283557296946212f5b1a934441718e7528",
                "sha256:b14dd73f595199f4275bed4fb509277470d9b9059310537e3b3daba12b30c157",
                "sha256:b4ad70d7cac4ca0c7b31444a0148bd3af01a2662fa12b1ad6f57cd4a04e21766",
                "sha256:b80a4ee19b3442c57c38afa978adca546521a8822d663310b63ae2a7d7b13f3a",
                "sha256:ba51129fcc510824b6ca6e2ce1c27e3e4d048b6e35d3ae6f7e517bed1b8b25ce",
                "sha256:c011bd5ad03cc096f99ffcfdd18a1817354132c1331bed7a837a25226659845f",
                "sha256:cc94f9fea17a5af8cf1a343597711a26b0117c0b812550d99934acb89d526ed2",
                "sha256:ccd785fafa1c931deff6a7116e9a0d402d59fabe51644b0d0c268295ff847b25",
                "sha256:d16a534da0e39785687b7295e2fcf9a339f4a20689024983d11afaa4657f8507",
                "sha256:d3077a31633beef77d057c6523f5de7271ddef7bde5e019285b00c0cc9cac1e3",
                "sha256:d603edea1ff7408638b2504905c032193b7dcee7af269802dbb35bc8c3310ed5",
                "sha256:db082f728160369d9a6ed2e722438291558fc15ce06d0a7d696a8dad735c236b",
                "sha256:ddef295aaf80cefb0c1606f1995899efcb17edc6b327eb6589e234e614b87756",
                "sha256:e16ade71c93f6814d095d25cd6d28a90d63511ea396bd96e9ffcb886b278baaa",
                "sha256:e3db7d833a7c38c317dc95b54e27f1d27012e031b45a7c24e360b53197d5f6e7",
                "sha256:e5e193f89f4f8c1fe273f9a6e6df915092c9f2af6db2d1afb8bd53855025c11f",
                "sha256:eb438a8bf6b695bf50d57e6a059ff09652a07968b2041178b3744ea785fcef9b",
                "sha256:ebf02c32afa6b67e5861a27183dd98ed88419a94a2ab843cc145fb0bafcc5b28",
                "sha256:ecd9e1fa97aa11bf67472220285775fa15e896da108f425e55d23d7540a712ce",
                "sha256:ef67fedd863ffffd4adfd46d9d992b0f929c7f61a8307366d664d93517f2c78e",
                "sha256:f28ae33dc5a0b9cee06e95fd420e42155d83271ab75964baf747ce959cac5f52",
                "sha256:fb1c56d891f9e34303c451998ef62ba52659648bb0d75b03c5e4ac223a3342c2",
                "sha256:fe03bf25fae4b95d8afe40004a321df644400fdcba4c8e5e1a19c1085b740888"
            ],
            "index": "pypi",
            "markers": "python_version >= '3.7'",
            "version": "==4.6.0"
        },
        "python-dateutil": {
            "hashes": [
                "sha256:0123cacc1627ae19ddf3c27a5de5bd67ee4586fbdd6440d9748f8abb483d3e86",
                "sha256:961d03dc3453ebbc59dbdea9e4e11c5651520a876d0f4db161e8674aae935da9"
            ],
            "markers": "python_version >= '2.7' and python_version not in '3.0, 3.1, 3.2, 3.3'",
            "version": "==2.8.2"
        },
        "python-decouple": {
            "hashes": [
                "sha256:ba6e2657d4f376ecc46f77a3a615e058d93ba5e465c01bbe57289bfb7cce680f",
                "sha256:d0d45340815b25f4de59c974b855bb38d03151d81b037d9e3f463b0c9f8cbd66"
            ],
            "index": "pypi",
            "version": "==3.8"
        },
        "python-dotenv": {
            "hashes": [
                "sha256:a8df96034aae6d2d50a4ebe8216326c61c3eb64836776504fcca410e5937a3ba",
                "sha256:f5971a9226b701070a4bf2c38c89e5a3f0d64de8debda981d1db98583009122a"
            ],
            "markers": "python_version >= '3.8'",
            "version": "==1.0.0"
        },
        "python-jose": {
            "hashes": [
                "sha256:55779b5e6ad599c6336191246e95eb2293a9ddebd555f796a65f838f07e5d78a",
                "sha256:9b1376b023f8b298536eedd47ae1089bcdb848f1535ab30555cd92002d78923a"
            ],
            "index": "pypi",
            "version": "==3.3.0"
        },
        "python-multipart": {
            "hashes": [
                "sha256:e9925a80bb668529f1b67c7fdb0a5dacdd7cbfc6fb0bff3ea443fe22bdd62132",
                "sha256:ee698bab5ef148b0a760751c261902cd096e57e10558e11aca17646b74ee1c18"
            ],
            "index": "pypi",
            "markers": "python_version >= '3.7'",
            "version": "==0.0.6"
        },
        "rsa": {
            "hashes": [
                "sha256:90260d9058e514786967344d0ef75fa8727eed8a7d2e43ce9f4bcf1b536174f7",
                "sha256:e38464a49c6c85d7f1351b0126661487a7e0a14a50f1675ec50eb34d4f20ef21"
            ],
            "markers": "python_version >= '3.6' and python_version < '4'",
            "version": "==4.9"
        },
        "six": {
            "hashes": [
                "sha256:1e61c37477a1626458e36f7b1d82aa5c9b094fa4802892072e49de9c60c4c926",
                "sha256:8abb2f1d86890a2dfb989f9a77cfcfd3e47c2a354b01111771326f8aa26e0254"
            ],
            "markers": "python_version >= '2.7' and python_version not in '3.0, 3.1, 3.2, 3.3'",
            "version": "==1.16.0"
        },
        "sniffio": {
            "hashes": [
                "sha256:e60305c5e5d314f5389259b7f22aaa33d8f7dee49763119234af3755c55b9101",
                "sha256:eecefdce1e5bbfb7ad2eeaabf7c1eeb404d7757c379bd1f7e5cce9d8bf425384"
            ],
            "markers": "python_version >= '3.7'",
            "version": "==1.3.0"
        },
        "starlette": {
            "hashes": [
                "sha256:6a6b0d042acb8d469a01eba54e9cda6cbd24ac602c4cd016723117d6a7e73b75",
                "sha256:918416370e846586541235ccd38a474c08b80443ed31c578a418e2209b3eef91"
            ],
            "markers": "python_version >= '3.7'",
            "version": "==0.27.0"
        },
        "toml": {
            "hashes": [
                "sha256:806143ae5bfb6a3c6e736a764057db0e6a0e05e338b5630894a5f779cabb4f9b",
                "sha256:b3bda1d108d5dd99f4a20d24d9c348e91c4db7ab1b749200bded2f839ccbe68f"
            ],
            "markers": "python_version >= '2.6' and python_version not in '3.0, 3.1, 3.2, 3.3'",
            "version": "==0.10.2"
        },
        "tqdm": {
            "hashes": [
                "sha256:d302b3c5b53d47bce91fea46679d9c3c6508cf6332229aa1e7d8653723793386",
                "sha256:d88e651f9db8d8551a62556d3cff9e3034274ca5d66e93197cf2490e2dcb69c7"
            ],
            "index": "pypi",
            "markers": "python_version >= '3.7'",
            "version": "==4.66.1"
        },
        "typing-extensions": {
            "hashes": [
                "sha256:8f92fc8806f9a6b641eaa5318da32b44d401efaac0f6678c9bc448ba3605faa0",
                "sha256:df8e4339e9cb77357558cbdbceca33c303714cf861d1eef15e1070055ae8b7ef"
            ],
            "markers": "python_version >= '3.8'",
            "version": "==4.8.0"
        },
        "uvicorn": {
            "hashes": [
                "sha256:09c8e5a79dc466bdf28dead50093957db184de356fcdc48697bad3bde4c2588e",
                "sha256:7c84fea70c619d4a710153482c0d230929af7bcf76c7bfa6de151f0a3a80121e"
            ],
            "index": "pypi",
            "markers": "python_version >= '3.8'",
            "version": "==0.24.0.post1"
        }
    },
    "develop": {}
}
